# THIS IS AN AUTOGENERATED FILE. DO NOT EDIT THIS FILE DIRECTLY.
# yarn lockfile v1


zustand@^5.0.12:
  version "5.0.12"
  resolved "https://registry.yarnpkg.com/zustand/-/zustand-5.0.12.tgz#ed36f647aa89965c4019b671dfc23ef6c6e3af8c"
  integrity sha512-i77ae3aZq4dhMlRhJVCYgMLKuSiZAaUPAct2AksxQ+gOtimhGMdXljRT21P5BNpeT4kXlLIckvkPM029OljD7g==
